// !$*UTF8*$!
{
	archiveVersion = 1;
	classes = {
	};
	objectVersion = 46;
	objects = {

/* Begin PBXBuildFile section */
		F9B67B251CD02841005A2CFE /* AppDelegate.swift in Sources */ = {isa = PBXBuildFile; fileRef = F9B67B241CD02841005A2CFE /* AppDelegate.swift */; };
		F9B67B271CD02841005A2CFE /* ViewController.swift in Sources */ = {isa = PBXBuildFile; fileRef = F9B67B261CD02841005A2CFE /* ViewController.swift */; };
		F9B67B291CD02841005A2CFE /* Assets.xcassets in Resources */ = {isa = PBXBuildFile; fileRef = F9B67B281CD02841005A2CFE /* Assets.xcassets */; };
		F9B67B2C1CD02841005A2CFE /* Main.storyboard in Resources */ = {isa = PBXBuildFile; fileRef = F9B67B2A1CD02841005A2CFE /* Main.storyboard */; };
		F9B67B371CD02841005A2CFE /* KillDockTests.swift in Sources */ = {isa = PBXBuildFile; fileRef = F9B67B361CD02841005A2CFE /* KillDockTests.swift */; };
		F9B67B421CD02841005A2CFE /* KillDockUITests.swift in Sources */ = {isa = PBXBuildFile; fileRef = F9B67B411CD02841005A2CFE /* KillDockUITests.swift */; };
/* End PBXBuildFile section */

/* Begin PBXContainerItemProxy section */
		F9B67B331CD02841005A2CFE /* PBXContainerItemProxy */ = {
			isa = PBXContainerItemProxy;
			containerPortal = F9B67B191CD02840005A2CFE /* Project object */;
			proxyType = 1;
			remoteGlobalIDString = F9B67B201CD02841005A2CFE;
			remoteInfo = KillDock;
		};
		F9B67B3E1CD02841005A2CFE /* PBXContainerItemProxy */ = {
			isa = PBXContainerItemProxy;
			containerPortal = F9B67B191CD02840005A2CFE /* Project object */;
			proxyType = 1;
			remoteGlobalIDString = F9B67B201CD02841005A2CFE;
			remoteInfo = KillDock;
		};
/* End PBXContainerItemProxy section */

/* Begin PBXFileReference section */
		F9B67B211CD02841005A2CFE /* KillDock.app */ = {isa = PBXFileReference; explicitFileType = wrapper.application; includeInIndex = 0; path = KillDock.app; sourceTree = BUILT_PRODUCTS_DIR; };
		F9B67B241CD02841005A2CFE /* AppDelegate.swift */ = {isa = PBXFileReference; lastKnownFileType = sourcecode.swift; path = AppDelegate.swift; sourceTree = "<group>"; usesTabs = 1; };
		F9B67B261CD02841005A2CFE /* ViewController.swift */ = {isa = PBXFileReference; lastKnownFileType = sourcecode.swift; path = ViewController.swift; sourceTree = "<group>"; };
		F9B67B281CD02841005A2CFE /* Assets.xcassets */ = {isa = PBXFileReference; lastKnownFileType = folder.assetcatalog; path = Assets.xcassets; sourceTree = "<group>"; };
		F9B67B2B1CD02841005A2CFE /* Base */ = {isa = PBXFileReference; lastKnownFileType = file.storyboard; name = Base; path = Base.lproj/Main.storyboard; sourceTree = "<group>"; };
		F9B67B2D1CD02841005A2CFE /* Info.plist */ = {isa = PBXFileReference; lastKnownFileType = text.plist.xml; path = Info.plist; sourceTree = "<group>"; };
		F9B67B321CD02841005A2CFE /* KillDockTests.xctest */ = {isa = PBXFileReference; explicitFileType = wrapper.cfbundle; includeInIndex = 0; path = KillDockTests.xctest; sourceTree = BUILT_PRODUCTS_DIR; };
		F9B67B361CD02841005A2CFE /* KillDockTests.swift */ = {isa = PBXFileReference; lastKnownFileType = sourcecode.swift; path = KillDockTests.swift; sourceTree = "<group>"; };
		F9B67B381CD02841005A2CFE /* Info.plist */ = {isa = PBXFileReference; lastKnownFileType = text.plist.xml; path = Info.plist; sourceTree = "<group>"; };
		F9B67B3D1CD02841005A2CFE /* KillDockUITests.xctest */ = {isa = PBXFileReference; explicitFileType = wrapper.cfbundle; includeInIndex = 0; path = KillDockUITests.xctest; sourceTree = BUILT_PRODUCTS_DIR; };
		F9B67B411CD02841005A2CFE /* KillDockUITests.swift */ = {isa = PBXFileReference; lastKnownFileType = sourcecode.swift; path = KillDockUITests.swift; sourceTree = "<group>"; };
		F9B67B431CD02841005A2CFE /* Info.plist */ = {isa = PBXFileReference; lastKnownFileType = text.plist.xml; path = Info.plist; sourceTree = "<group>"; };
/* End PBXFileReference section */

/* Begin PBXFrameworksBuildPhase section */
		F9B67B1E1CD02841005A2CFE /* Frameworks */ = {
			isa = PBXFrameworksBuildPhase;
			buildActionMask = 2147483647;
			files = (
			);
			runOnlyForDeploymentPostprocessing = 0;
		};
		F9B67B2F1CD02841005A2CFE /* Frameworks */ = {
			isa = PBXFrameworksBuildPhase;
			buildActionMask = 2147483647;
			files = (
			);
			runOnlyForDeploymentPostprocessing = 0;
		};
		F9B67B3A1CD02841005A2CFE /* Frameworks */ = {
			isa = PBXFrameworksBuildPhase;
			buildActionMask = 2147483647;
			files = (
			);
			runOnlyForDeploymentPostprocessing = 0;
		};
/* End PBXFrameworksBuildPhase section */

/* Begin PBXGroup section */
		F9B67B181CD02840005A2CFE = {
			isa = PBXGroup;
			children = (
				F9B67B231CD02841005A2CFE /* KillDock */,
				F9B67B351CD02841005A2CFE /* KillDockTests */,
				F9B67B401CD02841005A2CFE /* KillDockUITests */,
				F9B67B221CD02841005A2CFE /* Products */,
			);
			sourceTree = "<group>";
		};
		F9B67B221CD02841005A2CFE /* Products */ = {
			isa = PBXGroup;
			children = (
				F9B67B211CD02841005A2CFE /* KillDock.app */,
				F9B67B321CD02841005A2CFE /* KillDockTests.xctest */,
				F9B67B3D1CD02841005A2CFE /* KillDockUITests.xctest */,
			);
			name = Products;
			sourceTree = "<group>";
		};
		F9B67B231CD02841005A2CFE /* KillDock */ = {
			isa = PBXGroup;
			children = (
				F9B67B241CD02841005A2CFE /* AppDelegate.swift */,
				F9B67B261CD02841005A2CFE /* ViewController.swift */,
				F9B67B281CD02841005A2CFE /* Assets.xcassets */,
				F9B67B2A1CD02841005A2CFE /* Main.storyboard */,
				F9B67B2D1CD02841005A2CFE /* Info.plist */,
			);
			path = KillDock;
			sourceTree = "<group>";
		};
		F9B67B351CD02841005A2CFE /* KillDockTests */ = {
			isa = PBXGroup;
			children = (
				F9B67B361CD02841005A2CFE /* KillDockTests.swift */,
				F9B67B381CD02841005A2CFE /* Info.plist */,
			);
			path = KillDockTests;
			sourceTree = "<group>";
		};
		F9B67B401CD02841005A2CFE /* KillDockUITests */ = {
			isa = PBXGroup;
			children = (
				F9B67B411CD02841005A2CFE /* KillDockUITests.swift */,
				F9B67B431CD02841005A2CFE /* Info.plist */,
			);
			path = KillDockUITests;
			sourceTree = "<group>";
		};
/* End PBXGroup section */

/* Begin PBXNativeTarget section */
		F9B67B201CD02841005A2CFE /* KillDock */ = {
			isa = PBXNativeTarget;
			buildConfigurationList = F9B67B461CD02841005A2CFE /* Build configuration list for PBXNativeTarget "KillDock" */;
			buildPhases = (
				F9B67B1D1CD02841005A2CFE /* Sources */,
				F9B67B1E1CD02841005A2CFE /* Frameworks */,
				F9B67B1F1CD02841005A2CFE /* Resources */,
			);
			buildRules = (
			);
			dependencies = (
			);
			name = KillDock;
			productName = KillDock;
			productReference = F9B67B211CD02841005A2CFE /* KillDock.app */;
			productType = "com.apple.product-type.application";
		};
		F9B67B311CD02841005A2CFE /* KillDockTests */ = {
			isa = PBXNativeTarget;
			buildConfigurationList = F9B67B491CD02841005A2CFE /* Build configuration list for PBXNativeTarget "KillDockTests" */;
			buildPhases = (
				F9B67B2E1CD02841005A2CFE /* Sources */,
				F9B67B2F1CD02841005A2CFE /* Frameworks */,
				F9B67B301CD02841005A2CFE /* Resources */,
			);
			buildRules = (
			);
			dependencies = (
				F9B67B341CD02841005A2CFE /* PBXTargetDependency */,
			);
			name = KillDockTests;
			productName = KillDockTests;
			productReference = F9B67B321CD02841005A2CFE /* KillDockTests.xctest */;
			productType = "com.apple.product-type.bundle.unit-test";
		};
		F9B67B3C1CD02841005A2CFE /* KillDockUITests */ = {
			isa = PBXNativeTarget;
			buildConfigurationList = F9B67B4C1CD02841005A2CFE /* Build configuration list for PBXNativeTarget "KillDockUITests" */;
			buildPhases = (
				F9B67B391CD02841005A2CFE /* Sources */,
				F9B67B3A1CD02841005A2CFE /* Frameworks */,
				F9B67B3B1CD02841005A2CFE /* Resources */,
			);
			buildRules = (
			);
			dependencies = (
				F9B67B3F1CD02841005A2CFE /* PBXTargetDependency */,
			);
			name = KillDockUITests;
			productName = KillDockUITests;
			productReference = F9B67B3D1CD02841005A2CFE /* KillDockUITests.xctest */;
			productType = "com.apple.product-type.bundle.ui-testing";
		};
/* End PBXNativeTarget section */

/* Begin PBXProject section */
		F9B67B191CD02840005A2CFE /* Project object */ = {
			isa = PBXProject;
			attributes = {
				LastSwiftUpdateCheck = 0730;
				LastUpgradeCheck = 0730;
				ORGANIZATIONNAME = "Vasilii Zolotukhin";
				TargetAttributes = {
					F9B67B201CD02841005A2CFE = {
						CreatedOnToolsVersion = 7.3;
						DevelopmentTeam = R5AFTF7NK4;
					};
					F9B67B311CD02841005A2CFE = {
						CreatedOnToolsVersion = 7.3;
						TestTargetID = F9B67B201CD02841005A2CFE;
					};
					F9B67B3C1CD02841005A2CFE = {
						CreatedOnToolsVersion = 7.3;
						TestTargetID = F9B67B201CD02841005A2CFE;
					};
				};
			};
			buildConfigurationList = F9B67B1C1CD02840005A2CFE /* Build configuration list for PBXProject "KillDock" */;
			compatibilityVersion = "Xcode 3.2";
			developmentRegion = English;
			hasScannedForEncodings = 0;
			knownRegions = (
				en,
				Base,
			);
			mainGroup = F9B67B181CD02840005A2CFE;
			productRefGroup = F9B67B221CD02841005A2CFE /* Products */;
			projectDirPath = "";
			projectRoot = "";
			targets = (
				F9B67B201CD02841005A2CFE /* KillDock */,
				F9B67B311CD02841005A2CFE /* KillDockTests */,
				F9B67B3C1CD02841005A2CFE /* KillDockUITests */,
			);
		};
/* End PBXProject section */

/* Begin PBXResourcesBuildPhase section */
		F9B67B1F1CD02841005A2CFE /* Resources */ = {
			isa = PBXResourcesBuildPhase;
			buildActionMask = 2147483647;
			files = (
				F9B67B291CD02841005A2CFE /* Assets.xcassets in Resources */,
				F9B67B2C1CD02841005A2CFE /* Main.storyboard in Resources */,
			);
			runOnlyForDeploymentPostprocessing = 0;
		};
		F9B67B301CD02841005A2CFE /* Resources */ = {
			isa = PBXResourcesBuildPhase;
			buildActionMask = 2147483647;
			files = (
			);
			runOnlyForDeploymentPostprocessing = 0;
		};
		F9B67B3B1CD02841005A2CFE /* Resources */ = {
			isa = PBXResourcesBuildPhase;
			buildActionMask = 2147483647;
			files = (
			);
			runOnlyForDeploymentPostprocessing = 0;
		};
/* End PBXResourcesBuildPhase section */

/* Begin PBXSourcesBuildPhase section */
		F9B67B1D1CD02841005A2CFE /* Sources */ = {
			isa = PBXSourcesBuildPhase;
			buildActionMask = 2147483647;
			files = (
				F9B67B271CD02841005A2CFE /* ViewController.swift in Sources */,
				F9B67B251CD02841005A2CFE /* AppDelegate.swift in Sources */,
			);
			runOnlyForDeploymentPostprocessing = 0;
		};
		F9B67B2E1CD02841005A2CFE /* Sources */ = {
			isa = PBXSourcesBuildPhase;
			buildActionMask = 2147483647;
			files = (
				F9B67B371CD02841005A2CFE /* KillDockTests.swift in Sources */,
			);
			runOnlyForDeploymentPostprocessing = 0;
		};
		F9B67B391CD02841005A2CFE /* Sources */ = {
			isa = PBXSourcesBuildPhase;
			buildActionMask = 2147483647;
			files = (
				F9B67B421CD02841005A2CFE /* KillDockUITests.swift in Sources */,
			);
			runOnlyForDeploymentPostprocessing = 0;
		};
/* End PBXSourcesBuildPhase section */

/* Begin PBXTargetDependency section */
		F9B67B341CD02841005A2CFE /* PBXTargetDependency */ = {
			isa = PBXTargetDependency;
			target = F9B67B201CD02841005A2CFE /* KillDock */;
			targetProxy = F9B67B331CD02841005A2CFE /* PBXContainerItemProxy */;
		};
		F9B67B3F1CD02841005A2CFE /* PBXTargetDependency */ = {
			isa = PBXTargetDependency;
			target = F9B67B201CD02841005A2CFE /* KillDock */;
			targetProxy = F9B67B3E1CD02841005A2CFE /* PBXContainerItemProxy */;
		};
/* End PBXTargetDependency section */

/* Begin PBXVariantGroup section */
		F9B67B2A1CD02841005A2CFE /* Main.storyboard */ = {
			isa = PBXVariantGroup;
			children = (
				F9B67B2B1CD02841005A2CFE /* Base */,
			);
			name = Main.storyboard;
			sourceTree = "<group>";
		};
/* End PBXVariantGroup section */

/* Begin XCBuildConfiguration section */
		F9B67B441CD02841005A2CFE /* Debug */ = {
			isa = XCBuildConfiguration;
			buildSettings = {
				ALWAYS_SEARCH_USER_PATHS = NO;
				CLANG_ANALYZER_NONNULL = YES;
				CLANG_CXX_LANGUAGE_STANDARD = "gnu++0x";
				CLANG_CXX_LIBRARY = "libc++";
				CLANG_ENABLE_MODULES = YES;
				CLANG_ENABLE_OBJC_ARC = YES;
				CLANG_WARN_BOOL_CONVERSION = YES;
				CLANG_WARN_CONSTANT_CONVERSION = YES;
				CLANG_WARN_DIRECT_OBJC_ISA_USAGE = YES_ERROR;
				CLANG_WARN_EMPTY_BODY = YES;
				CLANG_WARN_ENUM_CONVERSION = YES;
				CLANG_WARN_INT_CONVERSION = YES;
				CLANG_WARN_OBJC_ROOT_CLASS = YES_ERROR;
				CLANG_WARN_UNREACHABLE_CODE = YES;
				CLANG_WARN__DUPLICATE_METHOD_MATCH = YES;
				CODE_SIGN_IDENTITY = "-";
				COPY_PHASE_STRIP = NO;
				DEBUG_INFORMATION_FORMAT = dwarf;
				ENABLE_STRICT_OBJC_MSGSEND = YES;
				ENABLE_TESTABILITY = YES;
				GCC_C_LANGUAGE_STANDARD = gnu99;
				GCC_DYNAMIC_NO_PIC = NO;
				GCC_NO_COMMON_BLOCKS = YES;
				GCC_OPTIMIZATION_LEVEL = 0;
				GCC_PREPROCESSOR_DEFINITIONS = (
					"DEBUG=1",
					"$(inherited)",
				);
				GCC_WARN_64_TO_32_BIT_CONVERSION = YES;
				GCC_WARN_ABOUT_RETURN_TYPE = YES_ERROR;
				GCC_WARN_UNDECLARED_SELECTOR = YES;
				GCC_WARN_UNINITIALIZED_AUTOS = YES_AGGRESSIVE;
				GCC_WARN_UNUSED_FUNCTION = YES;
				GCC_WARN_UNUSED_VARIABLE = YES;
				MACOSX_DEPLOYMENT_TARGET = 10.11;
				MTL_ENABLE_DEBUG_INFO = YES;
				ONLY_ACTIVE_ARCH = YES;
				SDKROOT = macosx;
				SWIFT_OPTIMIZATION_LEVEL = "-Onone";
			};
			name = Debug;
		};
		F9B67B451CD02841005A2CFE /* Release */ = {
			isa = XCBuildConfiguration;
			buildSettings = {
				ALWAYS_SEARCH_USER_PATHS = NO;
				CLANG_ANALYZER_NONNULL = YES;
				CLANG_CXX_LANGUAGE_STANDARD = "gnu++0x";
				CLANG_CXX_LIBRARY = "libc++";
				CLANG_ENABLE_MODULES = YES;
				CLANG_ENABLE_OBJC_ARC = YES;
				CLANG_WARN_BOOL_CONVERSION = YES;
				CLANG_WARN_CONSTANT_CONVERSION = YES;
				CLANG_WARN_DIRECT_OBJC_ISA_USAGE = YES_ERROR;
				CLANG_WARN_EMPTY_BODY = YES;
				CLANG_WARN_ENUM_CONVERSION = YES;
				CLANG_WARN_INT_CONVERSION = YES;
				CLANG_WARN_OBJC_ROOT_CLASS = YES_ERROR;
				CLANG_WARN_UNREACHABLE_CODE = YES;
				CLANG_WARN__DUPLICATE_METHOD_MATCH = YES;
				CODE_SIGN_IDENTITY = "-";
				COPY_PHASE_STRIP = NO;
				DEBUG_INFORMATION_FORMAT = "dwarf-with-dsym";
				ENABLE_NS_ASSERTIONS = NO;
				ENABLE_STRICT_OBJC_MSGSEND = YES;
				GCC_C_LANGUAGE_STANDARD = gnu99;
				GCC_NO_COMMON_BLOCKS = YES;
				GCC_WARN_64_TO_32_BIT_CONVERSION = YES;
				GCC_WARN_ABOUT_RETURN_TYPE = YES_ERROR;
				GCC_WARN_UNDECLARED_SELECTOR = YES;
				GCC_WARN_UNINITIALIZED_AUTOS = YES_AGGRESSIVE;
				GCC_WARN_UNUSED_FUNCTION = YES;
				GCC_WARN_UNUSED_VARIABLE = YES;
				MACOSX_DEPLOYMENT_TARGET = 10.11;
				MTL_ENABLE_DEBUG_INFO = NO;
				SDKROOT = macosx;
			};
			name = Release;
		};
		F9B67B471CD02841005A2CFE /* Debug */ = {
			isa = XCBuildConfiguration;
			buildSettings = {
				ASSETCATALOG_COMPILER_APPICON_NAME = AppIcon;
				CODE_SIGN_IDENTITY = "Mac Developer";
				COMBINE_HIDPI_IMAGES = YES;
				INFOPLIST_FILE = KillDock/Info.plist;
				LD_RUNPATH_SEARCH_PATHS = "$(inherited) @executable_path/../Frameworks";
				PRODUCT_BUNDLE_IDENTIFIER = com.zolotukhin.KillDock;
				PRODUCT_NAME = "$(TARGET_NAME)";
			};
			name = Debug;
		};
		F9B67B481CD02841005A2CFE /* Release */ = {
			isa = XCBuildConfiguration;
			buildSettings = {
				ASSETCATALOG_COMPILER_APPICON_NAME = AppIcon;
				CODE_SIGN_IDENTITY = "Mac Developer";
				COMBINE_HIDPI_IMAGES = YES;
				INFOPLIST_FILE = KillDock/Info.plist;
				LD_RUNPATH_SEARCH_PATHS = "$(inherited) @executable_path/../Frameworks";
				PRODUCT_BUNDLE_IDENTIFIER = com.zolotukhin.KillDock;
				PRODUCT_NAME = "$(TARGET_NAME)";
			};
			name = Release;
		};
		F9B67B4A1CD02841005A2CFE /* Debug */ = {
			isa = XCBuildConfiguration;
			buildSettings = {
				BUNDLE_LOADER = "$(TEST_HOST)";
				COMBINE_HIDPI_IMAGES = YES;
				INFOPLIST_FILE = KillDockTests/Info.plist;
				LD_RUNPATH_SEARCH_PATHS = "$(inherited) @executable_path/../Frameworks @loader_path/../Frameworks";
				PRODUCT_BUNDLE_IDENTIFIER = com.zolotukhin.KillDockTests;
				PRODUCT_NAME = "$(TARGET_NAME)";
				TEST_HOST = "$(BUILT_PRODUCTS_DIR)/KillDock.app/Contents/MacOS/KillDock";
			};
			name = Debug;
		};
		F9B67B4B1CD02841005A2CFE /* Release */ = {
			isa = XCBuildConfiguration;
			buildSettings = {
				BUNDLE_LOADER = "$(TEST_HOST)";
				COMBINE_HIDPI_IMAGES = YES;
				INFOPLIST_FILE = KillDockTests/Info.plist;
				LD_RUNPATH_SEARCH_PATHS = "$(inherited) @executable_path/../Frameworks @loader_path/../Frameworks";
				PRODUCT_BUNDLE_IDENTIFIER = com.zolotukhin.KillDockTests;
				PRODUCT_NAME = "$(TARGET_NAME)";
				TEST_HOST = "$(BUILT_PRODUCTS_DIR)/KillDock.app/Contents/MacOS/KillDock";
			};
			name = Release;
		};
		F9B67B4D1CD02841005A2CFE /* Debug */ = {
			isa = XCBuildConfiguration;
			buildSettings = {
				COMBINE_HIDPI_IMAGES = YES;
				INFOPLIST_FILE = KillDockUITests/Info.plist;
				LD_RUNPATH_SEARCH_PATHS = "$(inherited) @executable_path/../Frameworks @loader_path/../Frameworks";
				PRODUCT_BUNDLE_IDENTIFIER = com.zolotukhin.KillDockUITests;
				PRODUCT_NAME = "$(TARGET_NAME)";
				TEST_TARGET_NAME = KillDock;
			};
			name = Debug;
		};
		F9B67B4E1CD02841005A2CFE /* Release */ = {
			isa = XCBuildConfiguration;
			buildSettings = {
				COMBINE_HIDPI_IMAGES = YES;
				INFOPLIST_FILE = KillDockUITests/Info.plist;
				LD_RUNPATH_SEARCH_PATHS = "$(inherited) @executable_path/../Frameworks @loader_path/../Frameworks";
				PRODUCT_BUNDLE_IDENTIFIER = com.zolotukhin.KillDockUITests;
				PRODUCT_NAME = "$(TARGET_NAME)";
				TEST_TARGET_NAME = KillDock;
			};
			name = Release;
		};
/* End XCBuildConfiguration section */

/* Begin XCConfigurationList section */
		F9B67B1C1CD02840005A2CFE /* Build configuration list for PBXProject "KillDock" */ = {
			isa = XCConfigurationList;
			buildConfigurations = (
				F9B67B441CD02841005A2CFE /* Debug */,
				F9B67B451CD02841005A2CFE /* Release */,
			);
			defaultConfigurationIsVisible = 0;
			defaultConfigurationName = Release;
		};
		F9B67B461CD02841005A2CFE /* Build configuration list for PBXNativeTarget "KillDock" */ = {
			isa = XCConfigurationList;
			buildConfigurations = (
				F9B67B471CD02841005A2CFE /* Debug */,
				F9B67B481CD02841005A2CFE /* Release */,
			);
			defaultConfigurationIsVisible = 0;
			defaultConfigurationName = Release;
		};
		F9B67B491CD02841005A2CFE /* Build configuration list for PBXNativeTarget "KillDockTests" */ = {
			isa = XCConfigurationList;
			buildConfigurations = (
				F9B67B4A1CD02841005A2CFE /* Debug */,
				F9B67B4B1CD02841005A2CFE /* Release */,
			);
			defaultConfigurationIsVisible = 0;
			defaultConfigurationName = Release;
		};
		F9B67B4C1CD02841005A2CFE /* Build configuration list for PBXNativeTarget "KillDockUITests" */ = {
			isa = XCConfigurationList;
			buildConfigurations = (
				F9B67B4D1CD02841005A2CFE /* Debug */,
				F9B67B4E1CD02841005A2CFE /* Release */,
			);
			defaultConfigurationIsVisible = 0;
			defaultConfigurationName = Release;
		};
/* End XCConfigurationList section */
	};
	rootObject = F9B67B191CD02840005A2CFE /* Project object */;
}
